
Microsoft Visual Studio Solution File, Format Version 12.00
# Visual Studio Version 17
VisualStudioVersion = 17.0.31903.59
MinimumVisualStudioVersion = 10.0.40219.1
Project("{2150E333-8FDC-42A3-9474-1A3956D46DE8}") = "DSA", "DSA", "{3E276192-0548-4348-B2EE-E2D0C1A01C4C}"
EndProject
Project("{2150E333-8FDC-42A3-9474-1A3956D46DE8}") = "Sort", "Sort", "{72E01D38-8562-4C89-92D6-41A66DD0301B}"
EndProject
Project("{FAE04EC0-301F-11D3-BF4B-00C04F79EFBC}") = "SortAlgorithms", "DSA\Sort\SortAlgorithms\SortAlgorithms.csproj", "{3D99534D-E342-476D-A97D-1940FE337037}"
EndProject
Global
	GlobalSection(SolutionConfigurationPlatforms) = preSolution
		Debug|Any CPU = Debug|Any CPU
		Release|Any CPU = Release|Any CPU
	EndGlobalSection
	GlobalSection(SolutionProperties) = preSolution
		HideSolutionNode = FALSE
	EndGlobalSection
	GlobalSection(ProjectConfigurationPlatforms) = postSolution
		{3D99534D-E342-476D-A97D-1940FE337037}.Debug|Any CPU.ActiveCfg = Debug|Any CPU
		{3D99534D-E342-476D-A97D-1940FE337037}.Debug|Any CPU.Build.0 = Debug|Any CPU
		{3D99534D-E342-476D-A97D-1940FE337037}.Release|Any CPU.ActiveCfg = Release|Any CPU
		{3D99534D-E342-476D-A97D-1940FE337037}.Release|Any CPU.Build.0 = Release|Any CPU
	EndGlobalSection
	GlobalSection(NestedProjects) = preSolution
		{72E01D38-8562-4C89-92D6-41A66DD0301B} = {3E276192-0548-4348-B2EE-E2D0C1A01C4C}
		{3D99534D-E342-476D-A97D-1940FE337037} = {72E01D38-8562-4C89-92D6-41A66DD0301B}
	EndGlobalSection
EndGlobal
