
Microsoft Visual Studio Solution File, Format Version 12.00
# Visual Studio Version 17
VisualStudioVersion = 17.5.002.0
MinimumVisualStudioVersion = 10.0.40219.1
Project("{2150E333-8FDC-42A3-9474-1A3956D46DE8}") = "LeetCodeC#", "LeetCodeC#", "{CE5E8491-00B8-44E0-9CEF-106DF5340717}"
EndProject
Project("{9A19103F-16F7-4668-BE54-9A1E7A4F7556}") = "2SumInputArrSorted", "LeetCodeC#\2SumInputArrSorted\2SumInputArrSorted.csproj", "{1E50EBBE-E90A-4C70-B8BC-E9E5AFE47722}"
EndProject
Project("{9A19103F-16F7-4668-BE54-9A1E7A4F7556}") = "3Sum", "LeetCodeC#\3Sum\3Sum.csproj", "{EA218D7A-F1BF-487D-AEF5-76D0C71D50B7}"
EndProject
Project("{9A19103F-16F7-4668-BE54-9A1E7A4F7556}") = "anagramGroups", "LeetCodeC#\anagramGroups\anagramGroups.csproj", "{FA9CE03E-5CC5-4BAF-AB4C-87DDA0F430CE}"
EndProject
Project("{9A19103F-16F7-4668-BE54-9A1E7A4F7556}") = "binSearch", "LeetCodeC#\binSearch\binSearch.csproj", "{31A697E0-0123-4CDD-B8F5-3128A323D192}"
EndProject
Project("{9A19103F-16F7-4668-BE54-9A1E7A4F7556}") = "containerWithMostWater", "LeetCodeC#\containerWithMostWater\containerWithMostWater.csproj", "{497B7440-0FD5-48ED-8915-5D2C5311329D}"
EndProject
Project("{9A19103F-16F7-4668-BE54-9A1E7A4F7556}") = "containsDuplicate", "LeetCodeC#\containsDuplicate\containsDuplicate.csproj", "{C3D2CBC1-BD7C-434A-AF89-A682C8CEDF31}"
EndProject
Project("{9A19103F-16F7-4668-BE54-9A1E7A4F7556}") = "evalRPN", "LeetCodeC#\evalRPN\evalRPN.csproj", "{F81085AF-24BD-4CAD-8116-41FA19EF57A8}"
EndProject
Project("{9A19103F-16F7-4668-BE54-9A1E7A4F7556}") = "generateParentheses", "LeetCodeC#\generateParentheses\generateParentheses.csproj", "{033AE8B0-C193-4EC9-B7CF-A96DE6651139}"
EndProject
Project("{9A19103F-16F7-4668-BE54-9A1E7A4F7556}") = "minStack", "LeetCodeC#\minStack\minStack.csproj", "{A3BEFBA1-172F-4B05-B7DA-72807ED414D1}"
EndProject
Project("{9A19103F-16F7-4668-BE54-9A1E7A4F7556}") = "romanToInteger", "LeetCodeC#\romanToInteger\romanToInteger.csproj", "{4FDEFFF2-5223-41BF-B8A2-F91818262E93}"
EndProject
Project("{9A19103F-16F7-4668-BE54-9A1E7A4F7556}") = "searchMatrix", "LeetCodeC#\searchMatrix\searchMatrix.csproj", "{1B250147-8B75-4EE2-9121-04463D7DA937}"
EndProject
Project("{9A19103F-16F7-4668-BE54-9A1E7A4F7556}") = "twoSum", "LeetCodeC#\twoSum\twoSum.csproj", "{2A384C6A-EB10-41D8-9A53-4CC625F93235}"
EndProject
Project("{9A19103F-16F7-4668-BE54-9A1E7A4F7556}") = "validAnagram", "LeetCodeC#\validAnagram\validAnagram.csproj", "{55A44DBE-910E-4B8D-B212-4686251753F5}"
EndProject
Project("{9A19103F-16F7-4668-BE54-9A1E7A4F7556}") = "validPalindrome", "LeetCodeC#\validPalindrome\validPalindrome.csproj", "{7ED28D49-251F-499E-A7BD-743DDA7FFD6F}"
EndProject
Project("{9A19103F-16F7-4668-BE54-9A1E7A4F7556}") = "validParentheses", "LeetCodeC#\validParentheses\validParentheses.csproj", "{D866E575-DECA-4F6F-8303-7D88C679D99E}"
EndProject
Global
	GlobalSection(SolutionConfigurationPlatforms) = preSolution
		Debug|Any CPU = Debug|Any CPU
		Release|Any CPU = Release|Any CPU
	EndGlobalSection
	GlobalSection(ProjectConfigurationPlatforms) = postSolution
		{1E50EBBE-E90A-4C70-B8BC-E9E5AFE47722}.Debug|Any CPU.ActiveCfg = Debug|Any CPU
		{1E50EBBE-E90A-4C70-B8BC-E9E5AFE47722}.Debug|Any CPU.Build.0 = Debug|Any CPU
		{1E50EBBE-E90A-4C70-B8BC-E9E5AFE47722}.Release|Any CPU.ActiveCfg = Release|Any CPU
		{1E50EBBE-E90A-4C70-B8BC-E9E5AFE47722}.Release|Any CPU.Build.0 = Release|Any CPU
		{EA218D7A-F1BF-487D-AEF5-76D0C71D50B7}.Debug|Any CPU.ActiveCfg = Debug|Any CPU
		{EA218D7A-F1BF-487D-AEF5-76D0C71D50B7}.Debug|Any CPU.Build.0 = Debug|Any CPU
		{EA218D7A-F1BF-487D-AEF5-76D0C71D50B7}.Release|Any CPU.ActiveCfg = Release|Any CPU
		{EA218D7A-F1BF-487D-AEF5-76D0C71D50B7}.Release|Any CPU.Build.0 = Release|Any CPU
		{FA9CE03E-5CC5-4BAF-AB4C-87DDA0F430CE}.Debug|Any CPU.ActiveCfg = Debug|Any CPU
		{FA9CE03E-5CC5-4BAF-AB4C-87DDA0F430CE}.Debug|Any CPU.Build.0 = Debug|Any CPU
		{FA9CE03E-5CC5-4BAF-AB4C-87DDA0F430CE}.Release|Any CPU.ActiveCfg = Release|Any CPU
		{FA9CE03E-5CC5-4BAF-AB4C-87DDA0F430CE}.Release|Any CPU.Build.0 = Release|Any CPU
		{31A697E0-0123-4CDD-B8F5-3128A323D192}.Debug|Any CPU.ActiveCfg = Debug|Any CPU
		{31A697E0-0123-4CDD-B8F5-3128A323D192}.Debug|Any CPU.Build.0 = Debug|Any CPU
		{31A697E0-0123-4CDD-B8F5-3128A323D192}.Release|Any CPU.ActiveCfg = Release|Any CPU
		{31A697E0-0123-4CDD-B8F5-3128A323D192}.Release|Any CPU.Build.0 = Release|Any CPU
		{497B7440-0FD5-48ED-8915-5D2C5311329D}.Debug|Any CPU.ActiveCfg = Debug|Any CPU
		{497B7440-0FD5-48ED-8915-5D2C5311329D}.Debug|Any CPU.Build.0 = Debug|Any CPU
		{497B7440-0FD5-48ED-8915-5D2C5311329D}.Release|Any CPU.ActiveCfg = Release|Any CPU
		{497B7440-0FD5-48ED-8915-5D2C5311329D}.Release|Any CPU.Build.0 = Release|Any CPU
		{C3D2CBC1-BD7C-434A-AF89-A682C8CEDF31}.Debug|Any CPU.ActiveCfg = Debug|Any CPU
		{C3D2CBC1-BD7C-434A-AF89-A682C8CEDF31}.Debug|Any CPU.Build.0 = Debug|Any CPU
		{C3D2CBC1-BD7C-434A-AF89-A682C8CEDF31}.Release|Any CPU.ActiveCfg = Release|Any CPU
		{C3D2CBC1-BD7C-434A-AF89-A682C8CEDF31}.Release|Any CPU.Build.0 = Release|Any CPU
		{F81085AF-24BD-4CAD-8116-41FA19EF57A8}.Debug|Any CPU.ActiveCfg = Debug|Any CPU
		{F81085AF-24BD-4CAD-8116-41FA19EF57A8}.Debug|Any CPU.Build.0 = Debug|Any CPU
		{F81085AF-24BD-4CAD-8116-41FA19EF57A8}.Release|Any CPU.ActiveCfg = Release|Any CPU
		{F81085AF-24BD-4CAD-8116-41FA19EF57A8}.Release|Any CPU.Build.0 = Release|Any CPU
		{033AE8B0-C193-4EC9-B7CF-A96DE6651139}.Debug|Any CPU.ActiveCfg = Debug|Any CPU
		{033AE8B0-C193-4EC9-B7CF-A96DE6651139}.Debug|Any CPU.Build.0 = Debug|Any CPU
		{033AE8B0-C193-4EC9-B7CF-A96DE6651139}.Release|Any CPU.ActiveCfg = Release|Any CPU
		{033AE8B0-C193-4EC9-B7CF-A96DE6651139}.Release|Any CPU.Build.0 = Release|Any CPU
		{A3BEFBA1-172F-4B05-B7DA-72807ED414D1}.Debug|Any CPU.ActiveCfg = Debug|Any CPU
		{A3BEFBA1-172F-4B05-B7DA-72807ED414D1}.Debug|Any CPU.Build.0 = Debug|Any CPU
		{A3BEFBA1-172F-4B05-B7DA-72807ED414D1}.Release|Any CPU.ActiveCfg = Release|Any CPU
		{A3BEFBA1-172F-4B05-B7DA-72807ED414D1}.Release|Any CPU.Build.0 = Release|Any CPU
		{4FDEFFF2-5223-41BF-B8A2-F91818262E93}.Debug|Any CPU.ActiveCfg = Debug|Any CPU
		{4FDEFFF2-5223-41BF-B8A2-F91818262E93}.Debug|Any CPU.Build.0 = Debug|Any CPU
		{4FDEFFF2-5223-41BF-B8A2-F91818262E93}.Release|Any CPU.ActiveCfg = Release|Any CPU
		{4FDEFFF2-5223-41BF-B8A2-F91818262E93}.Release|Any CPU.Build.0 = Release|Any CPU
		{1B250147-8B75-4EE2-9121-04463D7DA937}.Debug|Any CPU.ActiveCfg = Debug|Any CPU
		{1B250147-8B75-4EE2-9121-04463D7DA937}.Debug|Any CPU.Build.0 = Debug|Any CPU
		{1B250147-8B75-4EE2-9121-04463D7DA937}.Release|Any CPU.ActiveCfg = Release|Any CPU
		{1B250147-8B75-4EE2-9121-04463D7DA937}.Release|Any CPU.Build.0 = Release|Any CPU
		{2A384C6A-EB10-41D8-9A53-4CC625F93235}.Debug|Any CPU.ActiveCfg = Debug|Any CPU
		{2A384C6A-EB10-41D8-9A53-4CC625F93235}.Debug|Any CPU.Build.0 = Debug|Any CPU
		{2A384C6A-EB10-41D8-9A53-4CC625F93235}.Release|Any CPU.ActiveCfg = Release|Any CPU
		{2A384C6A-EB10-41D8-9A53-4CC625F93235}.Release|Any CPU.Build.0 = Release|Any CPU
		{55A44DBE-910E-4B8D-B212-4686251753F5}.Debug|Any CPU.ActiveCfg = Debug|Any CPU
		{55A44DBE-910E-4B8D-B212-4686251753F5}.Debug|Any CPU.Build.0 = Debug|Any CPU
		{55A44DBE-910E-4B8D-B212-4686251753F5}.Release|Any CPU.ActiveCfg = Release|Any CPU
		{55A44DBE-910E-4B8D-B212-4686251753F5}.Release|Any CPU.Build.0 = Release|Any CPU
		{7ED28D49-251F-499E-A7BD-743DDA7FFD6F}.Debug|Any CPU.ActiveCfg = Debug|Any CPU
		{7ED28D49-251F-499E-A7BD-743DDA7FFD6F}.Debug|Any CPU.Build.0 = Debug|Any CPU
		{7ED28D49-251F-499E-A7BD-743DDA7FFD6F}.Release|Any CPU.ActiveCfg = Release|Any CPU
		{7ED28D49-251F-499E-A7BD-743DDA7FFD6F}.Release|Any CPU.Build.0 = Release|Any CPU
		{D866E575-DECA-4F6F-8303-7D88C679D99E}.Debug|Any CPU.ActiveCfg = Debug|Any CPU
		{D866E575-DECA-4F6F-8303-7D88C679D99E}.Debug|Any CPU.Build.0 = Debug|Any CPU
		{D866E575-DECA-4F6F-8303-7D88C679D99E}.Release|Any CPU.ActiveCfg = Release|Any CPU
		{D866E575-DECA-4F6F-8303-7D88C679D99E}.Release|Any CPU.Build.0 = Release|Any CPU
	EndGlobalSection
	GlobalSection(SolutionProperties) = preSolution
		HideSolutionNode = FALSE
	EndGlobalSection
	GlobalSection(NestedProjects) = preSolution
		{1E50EBBE-E90A-4C70-B8BC-E9E5AFE47722} = {CE5E8491-00B8-44E0-9CEF-106DF5340717}
		{EA218D7A-F1BF-487D-AEF5-76D0C71D50B7} = {CE5E8491-00B8-44E0-9CEF-106DF5340717}
		{FA9CE03E-5CC5-4BAF-AB4C-87DDA0F430CE} = {CE5E8491-00B8-44E0-9CEF-106DF5340717}
		{31A697E0-0123-4CDD-B8F5-3128A323D192} = {CE5E8491-00B8-44E0-9CEF-106DF5340717}
		{497B7440-0FD5-48ED-8915-5D2C5311329D} = {CE5E8491-00B8-44E0-9CEF-106DF5340717}
		{C3D2CBC1-BD7C-434A-AF89-A682C8CEDF31} = {CE5E8491-00B8-44E0-9CEF-106DF5340717}
		{F81085AF-24BD-4CAD-8116-41FA19EF57A8} = {CE5E8491-00B8-44E0-9CEF-106DF5340717}
		{033AE8B0-C193-4EC9-B7CF-A96DE6651139} = {CE5E8491-00B8-44E0-9CEF-106DF5340717}
		{A3BEFBA1-172F-4B05-B7DA-72807ED414D1} = {CE5E8491-00B8-44E0-9CEF-106DF5340717}
		{4FDEFFF2-5223-41BF-B8A2-F91818262E93} = {CE5E8491-00B8-44E0-9CEF-106DF5340717}
		{1B250147-8B75-4EE2-9121-04463D7DA937} = {CE5E8491-00B8-44E0-9CEF-106DF5340717}
		{2A384C6A-EB10-41D8-9A53-4CC625F93235} = {CE5E8491-00B8-44E0-9CEF-106DF5340717}
		{55A44DBE-910E-4B8D-B212-4686251753F5} = {CE5E8491-00B8-44E0-9CEF-106DF5340717}
		{7ED28D49-251F-499E-A7BD-743DDA7FFD6F} = {CE5E8491-00B8-44E0-9CEF-106DF5340717}
		{D866E575-DECA-4F6F-8303-7D88C679D99E} = {CE5E8491-00B8-44E0-9CEF-106DF5340717}
	EndGlobalSection
	GlobalSection(ExtensibilityGlobals) = postSolution
		SolutionGuid = {FA358315-03DE-4500-8360-B6E010D34624}
	EndGlobalSection
EndGlobal
