
Microsoft Visual Studio Solution File, Format Version 12.00
# Visual Studio Version 17
VisualStudioVersion = 17.5.002.0
MinimumVisualStudioVersion = 10.0.40219.1
Project("{2150E333-8FDC-42A3-9474-1A3956D46DE8}") = "DSA", "DSA", "{0CE4A684-E360-4CCF-9AD1-40D1F9A2EDE2}"
EndProject
Project("{2150E333-8FDC-42A3-9474-1A3956D46DE8}") = "Sort", "Sort", "{64CFBE1D-22D4-4A9D-9E09-5E24A4F92BF3}"
EndProject
Project("{9A19103F-16F7-4668-BE54-9A1E7A4F7556}") = "SortAlgorithms", "DSA\Sort\SortAlgorithms\SortAlgorithms.csproj", "{4226821B-AAF5-4FFB-90B3-474577F9A218}"
EndProject
Project("{2150E333-8FDC-42A3-9474-1A3956D46DE8}") = "Tree", "Tree", "{A601487D-FF39-41C4-82F6-470C25584769}"
EndProject
Project("{9A19103F-16F7-4668-BE54-9A1E7A4F7556}") = "Types", "DSA\Tree\Types\Types.csproj", "{BE4B83B5-6165-4751-B73D-25C6DF329BB6}"
EndProject
Project("{2150E333-8FDC-42A3-9474-1A3956D46DE8}") = "LeetCodeC#", "LeetCodeC#", "{722CDD70-096B-40B8-BF20-909BE500E5E3}"
EndProject
Project("{2150E333-8FDC-42A3-9474-1A3956D46DE8}") = "BinarySearch", "BinarySearch", "{0CA18AA7-1173-4D72-A39E-6BF365F472FE}"
EndProject
Project("{9A19103F-16F7-4668-BE54-9A1E7A4F7556}") = "binSearch", "LeetCodeC#\BinarySearch\binSearch\binSearch.csproj", "{8BA54A77-E590-4337-B53A-3445BF848BC3}"
EndProject
Project("{9A19103F-16F7-4668-BE54-9A1E7A4F7556}") = "findMinInRotateSortedArr", "LeetCodeC#\BinarySearch\findMinInRotateSortedArr\findMinInRotateSortedArr.csproj", "{581CFF2F-11BA-4E11-8454-A94587C37C10}"
EndProject
Project("{9A19103F-16F7-4668-BE54-9A1E7A4F7556}") = "kokoEatingBanana", "LeetCodeC#\BinarySearch\kokoEatingBanana\kokoEatingBanana.csproj", "{69ED057E-2E37-4954-8C0A-074DD45C12E9}"
EndProject
Project("{9A19103F-16F7-4668-BE54-9A1E7A4F7556}") = "searchMatrix", "LeetCodeC#\BinarySearch\searchMatrix\searchMatrix.csproj", "{E223814C-06E2-46F1-8C3C-462D1F33A20C}"
EndProject
Project("{2150E333-8FDC-42A3-9474-1A3956D46DE8}") = "Dict", "Dict", "{F3CEDF9A-CFFC-464C-8877-CE8BF2D9F643}"
EndProject
Project("{9A19103F-16F7-4668-BE54-9A1E7A4F7556}") = "anagramGroups", "LeetCodeC#\Dict\anagramGroups\anagramGroups.csproj", "{621FED80-36E9-4EF0-AA6C-9D36E6349141}"
EndProject
Project("{9A19103F-16F7-4668-BE54-9A1E7A4F7556}") = "containsDuplicate", "LeetCodeC#\Dict\containsDuplicate\containsDuplicate.csproj", "{A26795DD-1950-4AA6-AAFC-F3A34B16E2C4}"
EndProject
Project("{9A19103F-16F7-4668-BE54-9A1E7A4F7556}") = "romanToInteger", "LeetCodeC#\Dict\romanToInteger\romanToInteger.csproj", "{50CD14A2-11E7-45FE-B98B-4E1608353CFB}"
EndProject
Project("{9A19103F-16F7-4668-BE54-9A1E7A4F7556}") = "topKFreqElements", "LeetCodeC#\Dict\topKFreqElements\topKFreqElements.csproj", "{CF7F07A3-1FA9-4E0B-B224-819F30975161}"
EndProject
Project("{9A19103F-16F7-4668-BE54-9A1E7A4F7556}") = "twoSum", "LeetCodeC#\Dict\twoSum\twoSum.csproj", "{51387EDD-D266-4583-9E22-1DA4E3E1D4DC}"
EndProject
Project("{9A19103F-16F7-4668-BE54-9A1E7A4F7556}") = "validAnagram", "LeetCodeC#\Dict\validAnagram\validAnagram.csproj", "{EDD81022-6393-4497-A3C4-9CE9397E1411}"
EndProject
Project("{2150E333-8FDC-42A3-9474-1A3956D46DE8}") = "LinkedList", "LinkedList", "{C7F6B450-0EA4-4399-AECD-4889FD2A5EBB}"
EndProject
Project("{9A19103F-16F7-4668-BE54-9A1E7A4F7556}") = "linkedListCycle", "LeetCodeC#\LinkedList\linkedListCycle\linkedListCycle.csproj", "{64C4CD67-8677-4529-8F3A-8C7DACC7832C}"
EndProject
Project("{9A19103F-16F7-4668-BE54-9A1E7A4F7556}") = "mergeTwoSortedList", "LeetCodeC#\LinkedList\mergeTwoSortedList\mergeTwoSortedList.csproj", "{80BEF58B-00F7-4253-B72D-8124112EF1CD}"
EndProject
Project("{9A19103F-16F7-4668-BE54-9A1E7A4F7556}") = "reorderList", "LeetCodeC#\LinkedList\reorderList\reorderList.csproj", "{760EC723-5047-43AC-A645-D909069EDFFD}"
EndProject
Project("{9A19103F-16F7-4668-BE54-9A1E7A4F7556}") = "reverseLinkedList", "LeetCodeC#\LinkedList\reverseLinkedList\reverseLinkedList.csproj", "{CFF9E780-11EF-4310-AB21-48EF3CA2320D}"
EndProject
Project("{2150E333-8FDC-42A3-9474-1A3956D46DE8}") = "MonotonicStack", "MonotonicStack", "{ED28DFC1-6715-4B66-B794-B298D9B53BE3}"
EndProject
Project("{9A19103F-16F7-4668-BE54-9A1E7A4F7556}") = "dailyTemparatures", "LeetCodeC#\MonotonicStack\dailyTemparatures\dailyTemparatures.csproj", "{89A9C8DA-70C4-4DFD-8127-8EF233664C9F}"
EndProject
Project("{2150E333-8FDC-42A3-9474-1A3956D46DE8}") = "PrefixSum", "PrefixSum", "{809B99AC-D18B-487F-8C4B-0B932171DBDB}"
EndProject
Project("{9A19103F-16F7-4668-BE54-9A1E7A4F7556}") = "productArrExcludingSelf", "LeetCodeC#\PrefixSum\productArrExcludingSelf\productArrExcludingSelf.csproj", "{290ED635-A902-4765-864C-EBDA88F4C478}"
EndProject
Project("{2150E333-8FDC-42A3-9474-1A3956D46DE8}") = "SlidingWindow", "SlidingWindow", "{486B55B4-D567-4380-BD36-0F0857CFDE4A}"
EndProject
Project("{9A19103F-16F7-4668-BE54-9A1E7A4F7556}") = "bestTimeToBuyAndSellStock", "LeetCodeC#\SlidingWindow\bestTimeToBuyAndSellStock\bestTimeToBuyAndSellStock.csproj", "{D74885C0-39A0-4CDB-B849-824ABBFED2D1}"
EndProject
Project("{9A19103F-16F7-4668-BE54-9A1E7A4F7556}") = "longestSubStrWithoutRepeatingChar", "LeetCodeC#\SlidingWindow\longestSubStrWithoutRepeatingChar\longestSubStrWithoutRepeatingChar.csproj", "{8DBCF863-7EC4-4AA4-AD17-97BEFBF7C59E}"
EndProject
Project("{9A19103F-16F7-4668-BE54-9A1E7A4F7556}") = "minimumSizeSubArrSum", "LeetCodeC#\SlidingWindow\minimumSizeSubArrSum\minimumSizeSubArrSum.csproj", "{2D524C6E-086A-4507-98A1-7A30A803A28A}"
EndProject
Project("{9A19103F-16F7-4668-BE54-9A1E7A4F7556}") = "pertumationInStr", "LeetCodeC#\SlidingWindow\pertumationInStr\pertumationInStr.csproj", "{937B668B-6B35-45AF-95B6-E0E5D23180A2}"
EndProject
Project("{2150E333-8FDC-42A3-9474-1A3956D46DE8}") = "Stack", "Stack", "{FCF8BF8F-080A-4EDA-94FC-8E5D29B15B52}"
EndProject
Project("{9A19103F-16F7-4668-BE54-9A1E7A4F7556}") = "evalRPN", "LeetCodeC#\Stack\evalRPN\evalRPN.csproj", "{6280CA3C-9AF5-43CB-A3C8-1DD882C0462D}"
EndProject
Project("{9A19103F-16F7-4668-BE54-9A1E7A4F7556}") = "generateParentheses", "LeetCodeC#\Stack\generateParentheses\generateParentheses.csproj", "{7E9C568E-128E-458A-B6F5-8082B707932F}"
EndProject
Project("{9A19103F-16F7-4668-BE54-9A1E7A4F7556}") = "minStack", "LeetCodeC#\Stack\minStack\minStack.csproj", "{F5952D91-5C8D-46D7-B15A-28CF47D7E9F2}"
EndProject
Project("{9A19103F-16F7-4668-BE54-9A1E7A4F7556}") = "validParentheses", "LeetCodeC#\Stack\validParentheses\validParentheses.csproj", "{BE98E16B-B24B-4035-95AF-0EE61C18480C}"
EndProject
Project("{2150E333-8FDC-42A3-9474-1A3956D46DE8}") = "Tree", "Tree", "{5182FAF7-1A92-4289-B51C-AA4CA2755425}"
EndProject
Project("{9A19103F-16F7-4668-BE54-9A1E7A4F7556}") = "balancedBinTree", "LeetCodeC#\Tree\balancedBinTree\balancedBinTree.csproj", "{32FB0CCD-6C54-4603-BAE9-703FCC71B826}"
EndProject
Project("{9A19103F-16F7-4668-BE54-9A1E7A4F7556}") = "binTreeRightSideView", "LeetCodeC#\Tree\binTreeRightSideView\binTreeRightSideView.csproj", "{C3F91488-81F8-4B0D-937E-BFE4FD0062AE}"
EndProject
Project("{9A19103F-16F7-4668-BE54-9A1E7A4F7556}") = "invertBinTree", "LeetCodeC#\Tree\invertBinTree\invertBinTree.csproj", "{CAD2B8F4-DBC3-48D1-8F2E-E52D16AF22BE}"
EndProject
Project("{9A19103F-16F7-4668-BE54-9A1E7A4F7556}") = "maxDepthBinTree", "LeetCodeC#\Tree\maxDepthBinTree\maxDepthBinTree.csproj", "{09C7CCF2-5D9E-4683-8BFE-3C340B215ADE}"
EndProject
Project("{9A19103F-16F7-4668-BE54-9A1E7A4F7556}") = "sameTreeBinTree", "LeetCodeC#\Tree\sameTreeBinTree\sameTreeBinTree.csproj", "{C1B4BE74-E5AD-41EC-861E-9B36AF500ED3}"
EndProject
Project("{2150E333-8FDC-42A3-9474-1A3956D46DE8}") = "TwoPointer", "TwoPointer", "{5F06B131-B484-41F9-A01B-4DB9B5341DAF}"
EndProject
Project("{9A19103F-16F7-4668-BE54-9A1E7A4F7556}") = "2SumInputArrSorted", "LeetCodeC#\TwoPointer\2SumInputArrSorted\2SumInputArrSorted.csproj", "{BB86DBFD-47E8-4AB5-B0DB-2DCC5B0A75FC}"
EndProject
Project("{9A19103F-16F7-4668-BE54-9A1E7A4F7556}") = "3Sum", "LeetCodeC#\TwoPointer\3Sum\3Sum.csproj", "{F4829C31-DE0B-489C-A461-E81A40365617}"
EndProject
Project("{9A19103F-16F7-4668-BE54-9A1E7A4F7556}") = "containerWithMostWater", "LeetCodeC#\TwoPointer\containerWithMostWater\containerWithMostWater.csproj", "{B410D7C9-38C2-441E-B49F-55BFA4B6302F}"
EndProject
Project("{9A19103F-16F7-4668-BE54-9A1E7A4F7556}") = "removeElement", "LeetCodeC#\TwoPointer\removeElement\removeElement.csproj", "{A376244B-7845-42BF-A616-E0110C643154}"
EndProject
Project("{9A19103F-16F7-4668-BE54-9A1E7A4F7556}") = "validPalindrome", "LeetCodeC#\TwoPointer\validPalindrome\validPalindrome.csproj", "{549E581B-28E8-44F4-8508-AC67C23A8EC0}"
EndProject
Project("{2150E333-8FDC-42A3-9474-1A3956D46DE8}") = "Construction", "Construction", "{153A84AA-60DF-422E-B8F6-7ADEF2226AAF}"
EndProject
Project("{9A19103F-16F7-4668-BE54-9A1E7A4F7556}") = "constructBinTreeInorderLevelOrder", "DSA\Tree\Construction\constructBinTreeInorderLevelOrder\constructBinTreeInorderLevelOrder.csproj", "{AB7F90C4-4D53-4343-9726-CD407636BD3A}"
EndProject
Project("{9A19103F-16F7-4668-BE54-9A1E7A4F7556}") = "constructBinTreeInorderPreorder", "DSA\Tree\Construction\constructBinTreeInorderPreorder\constructBinTreeInorderPreorder.csproj", "{878378EF-5D66-4378-8AFF-9A07DD59F3DA}"
EndProject
Project("{9A19103F-16F7-4668-BE54-9A1E7A4F7556}") = "deleteNodeBinTree", "DSA\Tree\Construction\deleteNodeBinTree\deleteNodeBinTree.csproj", "{2D9A28A5-0BE1-4D72-9879-A4BA39CF3B25}"
EndProject
Project("{9A19103F-16F7-4668-BE54-9A1E7A4F7556}") = "insertNodeLevelOrderTraversal", "DSA\Tree\Construction\insertNodeLevelOrderTraversal\insertNodeLevelOrderTraversal.csproj", "{48B61FE2-9C3B-4A65-8DFA-7B670B4CCF7F}"
EndProject
Project("{2150E333-8FDC-42A3-9474-1A3956D46DE8}") = "Traversal", "Traversal", "{4095F2DF-980D-4882-9DEC-27A92001F7D6}"
EndProject
Project("{9A19103F-16F7-4668-BE54-9A1E7A4F7556}") = "boundaryTraversal", "DSA\Tree\Traversal\boundaryTraversal\boundaryTraversal.csproj", "{86E7ACB4-1E1F-4DF8-81FD-4BF8A8C5CC74}"
EndProject
Project("{9A19103F-16F7-4668-BE54-9A1E7A4F7556}") = "commonTraversal", "DSA\Tree\Traversal\commonTraversal\commonTraversal.csproj", "{6A1528CE-341D-4EA1-B82C-B4296D3EEAF8}"
EndProject
Project("{9A19103F-16F7-4668-BE54-9A1E7A4F7556}") = "zigzagTraversal", "DSA\Tree\Traversal\zigzagTraversal\zigzagTraversal.csproj", "{B4977F87-9716-4D8E-9333-9149B3755226}"
EndProject
Global
	GlobalSection(SolutionConfigurationPlatforms) = preSolution
		Debug|Any CPU = Debug|Any CPU
		Release|Any CPU = Release|Any CPU
	EndGlobalSection
	GlobalSection(ProjectConfigurationPlatforms) = postSolution
		{4226821B-AAF5-4FFB-90B3-474577F9A218}.Debug|Any CPU.ActiveCfg = Debug|Any CPU
		{4226821B-AAF5-4FFB-90B3-474577F9A218}.Debug|Any CPU.Build.0 = Debug|Any CPU
		{4226821B-AAF5-4FFB-90B3-474577F9A218}.Release|Any CPU.ActiveCfg = Release|Any CPU
		{4226821B-AAF5-4FFB-90B3-474577F9A218}.Release|Any CPU.Build.0 = Release|Any CPU
		{BE4B83B5-6165-4751-B73D-25C6DF329BB6}.Debug|Any CPU.ActiveCfg = Debug|Any CPU
		{BE4B83B5-6165-4751-B73D-25C6DF329BB6}.Debug|Any CPU.Build.0 = Debug|Any CPU
		{BE4B83B5-6165-4751-B73D-25C6DF329BB6}.Release|Any CPU.ActiveCfg = Release|Any CPU
		{BE4B83B5-6165-4751-B73D-25C6DF329BB6}.Release|Any CPU.Build.0 = Release|Any CPU
		{8BA54A77-E590-4337-B53A-3445BF848BC3}.Debug|Any CPU.ActiveCfg = Debug|Any CPU
		{8BA54A77-E590-4337-B53A-3445BF848BC3}.Debug|Any CPU.Build.0 = Debug|Any CPU
		{8BA54A77-E590-4337-B53A-3445BF848BC3}.Release|Any CPU.ActiveCfg = Release|Any CPU
		{8BA54A77-E590-4337-B53A-3445BF848BC3}.Release|Any CPU.Build.0 = Release|Any CPU
		{581CFF2F-11BA-4E11-8454-A94587C37C10}.Debug|Any CPU.ActiveCfg = Debug|Any CPU
		{581CFF2F-11BA-4E11-8454-A94587C37C10}.Debug|Any CPU.Build.0 = Debug|Any CPU
		{581CFF2F-11BA-4E11-8454-A94587C37C10}.Release|Any CPU.ActiveCfg = Release|Any CPU
		{581CFF2F-11BA-4E11-8454-A94587C37C10}.Release|Any CPU.Build.0 = Release|Any CPU
		{69ED057E-2E37-4954-8C0A-074DD45C12E9}.Debug|Any CPU.ActiveCfg = Debug|Any CPU
		{69ED057E-2E37-4954-8C0A-074DD45C12E9}.Debug|Any CPU.Build.0 = Debug|Any CPU
		{69ED057E-2E37-4954-8C0A-074DD45C12E9}.Release|Any CPU.ActiveCfg = Release|Any CPU
		{69ED057E-2E37-4954-8C0A-074DD45C12E9}.Release|Any CPU.Build.0 = Release|Any CPU
		{E223814C-06E2-46F1-8C3C-462D1F33A20C}.Debug|Any CPU.ActiveCfg = Debug|Any CPU
		{E223814C-06E2-46F1-8C3C-462D1F33A20C}.Debug|Any CPU.Build.0 = Debug|Any CPU
		{E223814C-06E2-46F1-8C3C-462D1F33A20C}.Release|Any CPU.ActiveCfg = Release|Any CPU
		{E223814C-06E2-46F1-8C3C-462D1F33A20C}.Release|Any CPU.Build.0 = Release|Any CPU
		{621FED80-36E9-4EF0-AA6C-9D36E6349141}.Debug|Any CPU.ActiveCfg = Debug|Any CPU
		{621FED80-36E9-4EF0-AA6C-9D36E6349141}.Debug|Any CPU.Build.0 = Debug|Any CPU
		{621FED80-36E9-4EF0-AA6C-9D36E6349141}.Release|Any CPU.ActiveCfg = Release|Any CPU
		{621FED80-36E9-4EF0-AA6C-9D36E6349141}.Release|Any CPU.Build.0 = Release|Any CPU
		{A26795DD-1950-4AA6-AAFC-F3A34B16E2C4}.Debug|Any CPU.ActiveCfg = Debug|Any CPU
		{A26795DD-1950-4AA6-AAFC-F3A34B16E2C4}.Debug|Any CPU.Build.0 = Debug|Any CPU
		{A26795DD-1950-4AA6-AAFC-F3A34B16E2C4}.Release|Any CPU.ActiveCfg = Release|Any CPU
		{A26795DD-1950-4AA6-AAFC-F3A34B16E2C4}.Release|Any CPU.Build.0 = Release|Any CPU
		{50CD14A2-11E7-45FE-B98B-4E1608353CFB}.Debug|Any CPU.ActiveCfg = Debug|Any CPU
		{50CD14A2-11E7-45FE-B98B-4E1608353CFB}.Debug|Any CPU.Build.0 = Debug|Any CPU
		{50CD14A2-11E7-45FE-B98B-4E1608353CFB}.Release|Any CPU.ActiveCfg = Release|Any CPU
		{50CD14A2-11E7-45FE-B98B-4E1608353CFB}.Release|Any CPU.Build.0 = Release|Any CPU
		{CF7F07A3-1FA9-4E0B-B224-819F30975161}.Debug|Any CPU.ActiveCfg = Debug|Any CPU
		{CF7F07A3-1FA9-4E0B-B224-819F30975161}.Debug|Any CPU.Build.0 = Debug|Any CPU
		{CF7F07A3-1FA9-4E0B-B224-819F30975161}.Release|Any CPU.ActiveCfg = Release|Any CPU
		{CF7F07A3-1FA9-4E0B-B224-819F30975161}.Release|Any CPU.Build.0 = Release|Any CPU
		{51387EDD-D266-4583-9E22-1DA4E3E1D4DC}.Debug|Any CPU.ActiveCfg = Debug|Any CPU
		{51387EDD-D266-4583-9E22-1DA4E3E1D4DC}.Debug|Any CPU.Build.0 = Debug|Any CPU
		{51387EDD-D266-4583-9E22-1DA4E3E1D4DC}.Release|Any CPU.ActiveCfg = Release|Any CPU
		{51387EDD-D266-4583-9E22-1DA4E3E1D4DC}.Release|Any CPU.Build.0 = Release|Any CPU
		{EDD81022-6393-4497-A3C4-9CE9397E1411}.Debug|Any CPU.ActiveCfg = Debug|Any CPU
		{EDD81022-6393-4497-A3C4-9CE9397E1411}.Debug|Any CPU.Build.0 = Debug|Any CPU
		{EDD81022-6393-4497-A3C4-9CE9397E1411}.Release|Any CPU.ActiveCfg = Release|Any CPU
		{EDD81022-6393-4497-A3C4-9CE9397E1411}.Release|Any CPU.Build.0 = Release|Any CPU
		{64C4CD67-8677-4529-8F3A-8C7DACC7832C}.Debug|Any CPU.ActiveCfg = Debug|Any CPU
		{64C4CD67-8677-4529-8F3A-8C7DACC7832C}.Debug|Any CPU.Build.0 = Debug|Any CPU
		{64C4CD67-8677-4529-8F3A-8C7DACC7832C}.Release|Any CPU.ActiveCfg = Release|Any CPU
		{64C4CD67-8677-4529-8F3A-8C7DACC7832C}.Release|Any CPU.Build.0 = Release|Any CPU
		{80BEF58B-00F7-4253-B72D-8124112EF1CD}.Debug|Any CPU.ActiveCfg = Debug|Any CPU
		{80BEF58B-00F7-4253-B72D-8124112EF1CD}.Debug|Any CPU.Build.0 = Debug|Any CPU
		{80BEF58B-00F7-4253-B72D-8124112EF1CD}.Release|Any CPU.ActiveCfg = Release|Any CPU
		{80BEF58B-00F7-4253-B72D-8124112EF1CD}.Release|Any CPU.Build.0 = Release|Any CPU
		{760EC723-5047-43AC-A645-D909069EDFFD}.Debug|Any CPU.ActiveCfg = Debug|Any CPU
		{760EC723-5047-43AC-A645-D909069EDFFD}.Debug|Any CPU.Build.0 = Debug|Any CPU
		{760EC723-5047-43AC-A645-D909069EDFFD}.Release|Any CPU.ActiveCfg = Release|Any CPU
		{760EC723-5047-43AC-A645-D909069EDFFD}.Release|Any CPU.Build.0 = Release|Any CPU
		{CFF9E780-11EF-4310-AB21-48EF3CA2320D}.Debug|Any CPU.ActiveCfg = Debug|Any CPU
		{CFF9E780-11EF-4310-AB21-48EF3CA2320D}.Debug|Any CPU.Build.0 = Debug|Any CPU
		{CFF9E780-11EF-4310-AB21-48EF3CA2320D}.Release|Any CPU.ActiveCfg = Release|Any CPU
		{CFF9E780-11EF-4310-AB21-48EF3CA2320D}.Release|Any CPU.Build.0 = Release|Any CPU
		{89A9C8DA-70C4-4DFD-8127-8EF233664C9F}.Debug|Any CPU.ActiveCfg = Debug|Any CPU
		{89A9C8DA-70C4-4DFD-8127-8EF233664C9F}.Debug|Any CPU.Build.0 = Debug|Any CPU
		{89A9C8DA-70C4-4DFD-8127-8EF233664C9F}.Release|Any CPU.ActiveCfg = Release|Any CPU
		{89A9C8DA-70C4-4DFD-8127-8EF233664C9F}.Release|Any CPU.Build.0 = Release|Any CPU
		{290ED635-A902-4765-864C-EBDA88F4C478}.Debug|Any CPU.ActiveCfg = Debug|Any CPU
		{290ED635-A902-4765-864C-EBDA88F4C478}.Debug|Any CPU.Build.0 = Debug|Any CPU
		{290ED635-A902-4765-864C-EBDA88F4C478}.Release|Any CPU.ActiveCfg = Release|Any CPU
		{290ED635-A902-4765-864C-EBDA88F4C478}.Release|Any CPU.Build.0 = Release|Any CPU
		{D74885C0-39A0-4CDB-B849-824ABBFED2D1}.Debug|Any CPU.ActiveCfg = Debug|Any CPU
		{D74885C0-39A0-4CDB-B849-824ABBFED2D1}.Debug|Any CPU.Build.0 = Debug|Any CPU
		{D74885C0-39A0-4CDB-B849-824ABBFED2D1}.Release|Any CPU.ActiveCfg = Release|Any CPU
		{D74885C0-39A0-4CDB-B849-824ABBFED2D1}.Release|Any CPU.Build.0 = Release|Any CPU
		{8DBCF863-7EC4-4AA4-AD17-97BEFBF7C59E}.Debug|Any CPU.ActiveCfg = Debug|Any CPU
		{8DBCF863-7EC4-4AA4-AD17-97BEFBF7C59E}.Debug|Any CPU.Build.0 = Debug|Any CPU
		{8DBCF863-7EC4-4AA4-AD17-97BEFBF7C59E}.Release|Any CPU.ActiveCfg = Release|Any CPU
		{8DBCF863-7EC4-4AA4-AD17-97BEFBF7C59E}.Release|Any CPU.Build.0 = Release|Any CPU
		{2D524C6E-086A-4507-98A1-7A30A803A28A}.Debug|Any CPU.ActiveCfg = Debug|Any CPU
		{2D524C6E-086A-4507-98A1-7A30A803A28A}.Debug|Any CPU.Build.0 = Debug|Any CPU
		{2D524C6E-086A-4507-98A1-7A30A803A28A}.Release|Any CPU.ActiveCfg = Release|Any CPU
		{2D524C6E-086A-4507-98A1-7A30A803A28A}.Release|Any CPU.Build.0 = Release|Any CPU
		{937B668B-6B35-45AF-95B6-E0E5D23180A2}.Debug|Any CPU.ActiveCfg = Debug|Any CPU
		{937B668B-6B35-45AF-95B6-E0E5D23180A2}.Debug|Any CPU.Build.0 = Debug|Any CPU
		{937B668B-6B35-45AF-95B6-E0E5D23180A2}.Release|Any CPU.ActiveCfg = Release|Any CPU
		{937B668B-6B35-45AF-95B6-E0E5D23180A2}.Release|Any CPU.Build.0 = Release|Any CPU
		{6280CA3C-9AF5-43CB-A3C8-1DD882C0462D}.Debug|Any CPU.ActiveCfg = Debug|Any CPU
		{6280CA3C-9AF5-43CB-A3C8-1DD882C0462D}.Debug|Any CPU.Build.0 = Debug|Any CPU
		{6280CA3C-9AF5-43CB-A3C8-1DD882C0462D}.Release|Any CPU.ActiveCfg = Release|Any CPU
		{6280CA3C-9AF5-43CB-A3C8-1DD882C0462D}.Release|Any CPU.Build.0 = Release|Any CPU
		{7E9C568E-128E-458A-B6F5-8082B707932F}.Debug|Any CPU.ActiveCfg = Debug|Any CPU
		{7E9C568E-128E-458A-B6F5-8082B707932F}.Debug|Any CPU.Build.0 = Debug|Any CPU
		{7E9C568E-128E-458A-B6F5-8082B707932F}.Release|Any CPU.ActiveCfg = Release|Any CPU
		{7E9C568E-128E-458A-B6F5-8082B707932F}.Release|Any CPU.Build.0 = Release|Any CPU
		{F5952D91-5C8D-46D7-B15A-28CF47D7E9F2}.Debug|Any CPU.ActiveCfg = Debug|Any CPU
		{F5952D91-5C8D-46D7-B15A-28CF47D7E9F2}.Debug|Any CPU.Build.0 = Debug|Any CPU
		{F5952D91-5C8D-46D7-B15A-28CF47D7E9F2}.Release|Any CPU.ActiveCfg = Release|Any CPU
		{F5952D91-5C8D-46D7-B15A-28CF47D7E9F2}.Release|Any CPU.Build.0 = Release|Any CPU
		{BE98E16B-B24B-4035-95AF-0EE61C18480C}.Debug|Any CPU.ActiveCfg = Debug|Any CPU
		{BE98E16B-B24B-4035-95AF-0EE61C18480C}.Debug|Any CPU.Build.0 = Debug|Any CPU
		{BE98E16B-B24B-4035-95AF-0EE61C18480C}.Release|Any CPU.ActiveCfg = Release|Any CPU
		{BE98E16B-B24B-4035-95AF-0EE61C18480C}.Release|Any CPU.Build.0 = Release|Any CPU
		{32FB0CCD-6C54-4603-BAE9-703FCC71B826}.Debug|Any CPU.ActiveCfg = Debug|Any CPU
		{32FB0CCD-6C54-4603-BAE9-703FCC71B826}.Debug|Any CPU.Build.0 = Debug|Any CPU
		{32FB0CCD-6C54-4603-BAE9-703FCC71B826}.Release|Any CPU.ActiveCfg = Release|Any CPU
		{32FB0CCD-6C54-4603-BAE9-703FCC71B826}.Release|Any CPU.Build.0 = Release|Any CPU
		{C3F91488-81F8-4B0D-937E-BFE4FD0062AE}.Debug|Any CPU.ActiveCfg = Debug|Any CPU
		{C3F91488-81F8-4B0D-937E-BFE4FD0062AE}.Debug|Any CPU.Build.0 = Debug|Any CPU
		{C3F91488-81F8-4B0D-937E-BFE4FD0062AE}.Release|Any CPU.ActiveCfg = Release|Any CPU
		{C3F91488-81F8-4B0D-937E-BFE4FD0062AE}.Release|Any CPU.Build.0 = Release|Any CPU
		{CAD2B8F4-DBC3-48D1-8F2E-E52D16AF22BE}.Debug|Any CPU.ActiveCfg = Debug|Any CPU
		{CAD2B8F4-DBC3-48D1-8F2E-E52D16AF22BE}.Debug|Any CPU.Build.0 = Debug|Any CPU
		{CAD2B8F4-DBC3-48D1-8F2E-E52D16AF22BE}.Release|Any CPU.ActiveCfg = Release|Any CPU
		{CAD2B8F4-DBC3-48D1-8F2E-E52D16AF22BE}.Release|Any CPU.Build.0 = Release|Any CPU
		{09C7CCF2-5D9E-4683-8BFE-3C340B215ADE}.Debug|Any CPU.ActiveCfg = Debug|Any CPU
		{09C7CCF2-5D9E-4683-8BFE-3C340B215ADE}.Debug|Any CPU.Build.0 = Debug|Any CPU
		{09C7CCF2-5D9E-4683-8BFE-3C340B215ADE}.Release|Any CPU.ActiveCfg = Release|Any CPU
		{09C7CCF2-5D9E-4683-8BFE-3C340B215ADE}.Release|Any CPU.Build.0 = Release|Any CPU
		{C1B4BE74-E5AD-41EC-861E-9B36AF500ED3}.Debug|Any CPU.ActiveCfg = Debug|Any CPU
		{C1B4BE74-E5AD-41EC-861E-9B36AF500ED3}.Debug|Any CPU.Build.0 = Debug|Any CPU
		{C1B4BE74-E5AD-41EC-861E-9B36AF500ED3}.Release|Any CPU.ActiveCfg = Release|Any CPU
		{C1B4BE74-E5AD-41EC-861E-9B36AF500ED3}.Release|Any CPU.Build.0 = Release|Any CPU
		{BB86DBFD-47E8-4AB5-B0DB-2DCC5B0A75FC}.Debug|Any CPU.ActiveCfg = Debug|Any CPU
		{BB86DBFD-47E8-4AB5-B0DB-2DCC5B0A75FC}.Debug|Any CPU.Build.0 = Debug|Any CPU
		{BB86DBFD-47E8-4AB5-B0DB-2DCC5B0A75FC}.Release|Any CPU.ActiveCfg = Release|Any CPU
		{BB86DBFD-47E8-4AB5-B0DB-2DCC5B0A75FC}.Release|Any CPU.Build.0 = Release|Any CPU
		{F4829C31-DE0B-489C-A461-E81A40365617}.Debug|Any CPU.ActiveCfg = Debug|Any CPU
		{F4829C31-DE0B-489C-A461-E81A40365617}.Debug|Any CPU.Build.0 = Debug|Any CPU
		{F4829C31-DE0B-489C-A461-E81A40365617}.Release|Any CPU.ActiveCfg = Release|Any CPU
		{F4829C31-DE0B-489C-A461-E81A40365617}.Release|Any CPU.Build.0 = Release|Any CPU
		{B410D7C9-38C2-441E-B49F-55BFA4B6302F}.Debug|Any CPU.ActiveCfg = Debug|Any CPU
		{B410D7C9-38C2-441E-B49F-55BFA4B6302F}.Debug|Any CPU.Build.0 = Debug|Any CPU
		{B410D7C9-38C2-441E-B49F-55BFA4B6302F}.Release|Any CPU.ActiveCfg = Release|Any CPU
		{B410D7C9-38C2-441E-B49F-55BFA4B6302F}.Release|Any CPU.Build.0 = Release|Any CPU
		{A376244B-7845-42BF-A616-E0110C643154}.Debug|Any CPU.ActiveCfg = Debug|Any CPU
		{A376244B-7845-42BF-A616-E0110C643154}.Debug|Any CPU.Build.0 = Debug|Any CPU
		{A376244B-7845-42BF-A616-E0110C643154}.Release|Any CPU.ActiveCfg = Release|Any CPU
		{A376244B-7845-42BF-A616-E0110C643154}.Release|Any CPU.Build.0 = Release|Any CPU
		{549E581B-28E8-44F4-8508-AC67C23A8EC0}.Debug|Any CPU.ActiveCfg = Debug|Any CPU
		{549E581B-28E8-44F4-8508-AC67C23A8EC0}.Debug|Any CPU.Build.0 = Debug|Any CPU
		{549E581B-28E8-44F4-8508-AC67C23A8EC0}.Release|Any CPU.ActiveCfg = Release|Any CPU
		{549E581B-28E8-44F4-8508-AC67C23A8EC0}.Release|Any CPU.Build.0 = Release|Any CPU
		{AB7F90C4-4D53-4343-9726-CD407636BD3A}.Debug|Any CPU.ActiveCfg = Debug|Any CPU
		{AB7F90C4-4D53-4343-9726-CD407636BD3A}.Debug|Any CPU.Build.0 = Debug|Any CPU
		{AB7F90C4-4D53-4343-9726-CD407636BD3A}.Release|Any CPU.ActiveCfg = Release|Any CPU
		{AB7F90C4-4D53-4343-9726-CD407636BD3A}.Release|Any CPU.Build.0 = Release|Any CPU
		{878378EF-5D66-4378-8AFF-9A07DD59F3DA}.Debug|Any CPU.ActiveCfg = Debug|Any CPU
		{878378EF-5D66-4378-8AFF-9A07DD59F3DA}.Debug|Any CPU.Build.0 = Debug|Any CPU
		{878378EF-5D66-4378-8AFF-9A07DD59F3DA}.Release|Any CPU.ActiveCfg = Release|Any CPU
		{878378EF-5D66-4378-8AFF-9A07DD59F3DA}.Release|Any CPU.Build.0 = Release|Any CPU
		{2D9A28A5-0BE1-4D72-9879-A4BA39CF3B25}.Debug|Any CPU.ActiveCfg = Debug|Any CPU
		{2D9A28A5-0BE1-4D72-9879-A4BA39CF3B25}.Debug|Any CPU.Build.0 = Debug|Any CPU
		{2D9A28A5-0BE1-4D72-9879-A4BA39CF3B25}.Release|Any CPU.ActiveCfg = Release|Any CPU
		{2D9A28A5-0BE1-4D72-9879-A4BA39CF3B25}.Release|Any CPU.Build.0 = Release|Any CPU
		{48B61FE2-9C3B-4A65-8DFA-7B670B4CCF7F}.Debug|Any CPU.ActiveCfg = Debug|Any CPU
		{48B61FE2-9C3B-4A65-8DFA-7B670B4CCF7F}.Debug|Any CPU.Build.0 = Debug|Any CPU
		{48B61FE2-9C3B-4A65-8DFA-7B670B4CCF7F}.Release|Any CPU.ActiveCfg = Release|Any CPU
		{48B61FE2-9C3B-4A65-8DFA-7B670B4CCF7F}.Release|Any CPU.Build.0 = Release|Any CPU
		{86E7ACB4-1E1F-4DF8-81FD-4BF8A8C5CC74}.Debug|Any CPU.ActiveCfg = Debug|Any CPU
		{86E7ACB4-1E1F-4DF8-81FD-4BF8A8C5CC74}.Debug|Any CPU.Build.0 = Debug|Any CPU
		{86E7ACB4-1E1F-4DF8-81FD-4BF8A8C5CC74}.Release|Any CPU.ActiveCfg = Release|Any CPU
		{86E7ACB4-1E1F-4DF8-81FD-4BF8A8C5CC74}.Release|Any CPU.Build.0 = Release|Any CPU
		{6A1528CE-341D-4EA1-B82C-B4296D3EEAF8}.Debug|Any CPU.ActiveCfg = Debug|Any CPU
		{6A1528CE-341D-4EA1-B82C-B4296D3EEAF8}.Debug|Any CPU.Build.0 = Debug|Any CPU
		{6A1528CE-341D-4EA1-B82C-B4296D3EEAF8}.Release|Any CPU.ActiveCfg = Release|Any CPU
		{6A1528CE-341D-4EA1-B82C-B4296D3EEAF8}.Release|Any CPU.Build.0 = Release|Any CPU
		{B4977F87-9716-4D8E-9333-9149B3755226}.Debug|Any CPU.ActiveCfg = Debug|Any CPU
		{B4977F87-9716-4D8E-9333-9149B3755226}.Debug|Any CPU.Build.0 = Debug|Any CPU
		{B4977F87-9716-4D8E-9333-9149B3755226}.Release|Any CPU.ActiveCfg = Release|Any CPU
		{B4977F87-9716-4D8E-9333-9149B3755226}.Release|Any CPU.Build.0 = Release|Any CPU
	EndGlobalSection
	GlobalSection(SolutionProperties) = preSolution
		HideSolutionNode = FALSE
	EndGlobalSection
	GlobalSection(NestedProjects) = preSolution
		{64CFBE1D-22D4-4A9D-9E09-5E24A4F92BF3} = {0CE4A684-E360-4CCF-9AD1-40D1F9A2EDE2}
		{4226821B-AAF5-4FFB-90B3-474577F9A218} = {64CFBE1D-22D4-4A9D-9E09-5E24A4F92BF3}
		{A601487D-FF39-41C4-82F6-470C25584769} = {0CE4A684-E360-4CCF-9AD1-40D1F9A2EDE2}
		{BE4B83B5-6165-4751-B73D-25C6DF329BB6} = {A601487D-FF39-41C4-82F6-470C25584769}
		{0CA18AA7-1173-4D72-A39E-6BF365F472FE} = {722CDD70-096B-40B8-BF20-909BE500E5E3}
		{8BA54A77-E590-4337-B53A-3445BF848BC3} = {0CA18AA7-1173-4D72-A39E-6BF365F472FE}
		{581CFF2F-11BA-4E11-8454-A94587C37C10} = {0CA18AA7-1173-4D72-A39E-6BF365F472FE}
		{69ED057E-2E37-4954-8C0A-074DD45C12E9} = {0CA18AA7-1173-4D72-A39E-6BF365F472FE}
		{E223814C-06E2-46F1-8C3C-462D1F33A20C} = {0CA18AA7-1173-4D72-A39E-6BF365F472FE}
		{F3CEDF9A-CFFC-464C-8877-CE8BF2D9F643} = {722CDD70-096B-40B8-BF20-909BE500E5E3}
		{621FED80-36E9-4EF0-AA6C-9D36E6349141} = {F3CEDF9A-CFFC-464C-8877-CE8BF2D9F643}
		{A26795DD-1950-4AA6-AAFC-F3A34B16E2C4} = {F3CEDF9A-CFFC-464C-8877-CE8BF2D9F643}
		{50CD14A2-11E7-45FE-B98B-4E1608353CFB} = {F3CEDF9A-CFFC-464C-8877-CE8BF2D9F643}
		{CF7F07A3-1FA9-4E0B-B224-819F30975161} = {F3CEDF9A-CFFC-464C-8877-CE8BF2D9F643}
		{51387EDD-D266-4583-9E22-1DA4E3E1D4DC} = {F3CEDF9A-CFFC-464C-8877-CE8BF2D9F643}
		{EDD81022-6393-4497-A3C4-9CE9397E1411} = {F3CEDF9A-CFFC-464C-8877-CE8BF2D9F643}
		{C7F6B450-0EA4-4399-AECD-4889FD2A5EBB} = {722CDD70-096B-40B8-BF20-909BE500E5E3}
		{64C4CD67-8677-4529-8F3A-8C7DACC7832C} = {C7F6B450-0EA4-4399-AECD-4889FD2A5EBB}
		{80BEF58B-00F7-4253-B72D-8124112EF1CD} = {C7F6B450-0EA4-4399-AECD-4889FD2A5EBB}
		{760EC723-5047-43AC-A645-D909069EDFFD} = {C7F6B450-0EA4-4399-AECD-4889FD2A5EBB}
		{CFF9E780-11EF-4310-AB21-48EF3CA2320D} = {C7F6B450-0EA4-4399-AECD-4889FD2A5EBB}
		{ED28DFC1-6715-4B66-B794-B298D9B53BE3} = {722CDD70-096B-40B8-BF20-909BE500E5E3}
		{89A9C8DA-70C4-4DFD-8127-8EF233664C9F} = {ED28DFC1-6715-4B66-B794-B298D9B53BE3}
		{809B99AC-D18B-487F-8C4B-0B932171DBDB} = {722CDD70-096B-40B8-BF20-909BE500E5E3}
		{290ED635-A902-4765-864C-EBDA88F4C478} = {809B99AC-D18B-487F-8C4B-0B932171DBDB}
		{486B55B4-D567-4380-BD36-0F0857CFDE4A} = {722CDD70-096B-40B8-BF20-909BE500E5E3}
		{D74885C0-39A0-4CDB-B849-824ABBFED2D1} = {486B55B4-D567-4380-BD36-0F0857CFDE4A}
		{8DBCF863-7EC4-4AA4-AD17-97BEFBF7C59E} = {486B55B4-D567-4380-BD36-0F0857CFDE4A}
		{2D524C6E-086A-4507-98A1-7A30A803A28A} = {486B55B4-D567-4380-BD36-0F0857CFDE4A}
		{937B668B-6B35-45AF-95B6-E0E5D23180A2} = {486B55B4-D567-4380-BD36-0F0857CFDE4A}
		{FCF8BF8F-080A-4EDA-94FC-8E5D29B15B52} = {722CDD70-096B-40B8-BF20-909BE500E5E3}
		{6280CA3C-9AF5-43CB-A3C8-1DD882C0462D} = {FCF8BF8F-080A-4EDA-94FC-8E5D29B15B52}
		{7E9C568E-128E-458A-B6F5-8082B707932F} = {FCF8BF8F-080A-4EDA-94FC-8E5D29B15B52}
		{F5952D91-5C8D-46D7-B15A-28CF47D7E9F2} = {FCF8BF8F-080A-4EDA-94FC-8E5D29B15B52}
		{BE98E16B-B24B-4035-95AF-0EE61C18480C} = {FCF8BF8F-080A-4EDA-94FC-8E5D29B15B52}
		{5182FAF7-1A92-4289-B51C-AA4CA2755425} = {722CDD70-096B-40B8-BF20-909BE500E5E3}
		{32FB0CCD-6C54-4603-BAE9-703FCC71B826} = {5182FAF7-1A92-4289-B51C-AA4CA2755425}
		{C3F91488-81F8-4B0D-937E-BFE4FD0062AE} = {5182FAF7-1A92-4289-B51C-AA4CA2755425}
		{CAD2B8F4-DBC3-48D1-8F2E-E52D16AF22BE} = {5182FAF7-1A92-4289-B51C-AA4CA2755425}
		{09C7CCF2-5D9E-4683-8BFE-3C340B215ADE} = {5182FAF7-1A92-4289-B51C-AA4CA2755425}
		{C1B4BE74-E5AD-41EC-861E-9B36AF500ED3} = {5182FAF7-1A92-4289-B51C-AA4CA2755425}
		{5F06B131-B484-41F9-A01B-4DB9B5341DAF} = {722CDD70-096B-40B8-BF20-909BE500E5E3}
		{BB86DBFD-47E8-4AB5-B0DB-2DCC5B0A75FC} = {5F06B131-B484-41F9-A01B-4DB9B5341DAF}
		{F4829C31-DE0B-489C-A461-E81A40365617} = {5F06B131-B484-41F9-A01B-4DB9B5341DAF}
		{B410D7C9-38C2-441E-B49F-55BFA4B6302F} = {5F06B131-B484-41F9-A01B-4DB9B5341DAF}
		{A376244B-7845-42BF-A616-E0110C643154} = {5F06B131-B484-41F9-A01B-4DB9B5341DAF}
		{549E581B-28E8-44F4-8508-AC67C23A8EC0} = {5F06B131-B484-41F9-A01B-4DB9B5341DAF}
		{153A84AA-60DF-422E-B8F6-7ADEF2226AAF} = {A601487D-FF39-41C4-82F6-470C25584769}
		{AB7F90C4-4D53-4343-9726-CD407636BD3A} = {153A84AA-60DF-422E-B8F6-7ADEF2226AAF}
		{878378EF-5D66-4378-8AFF-9A07DD59F3DA} = {153A84AA-60DF-422E-B8F6-7ADEF2226AAF}
		{2D9A28A5-0BE1-4D72-9879-A4BA39CF3B25} = {153A84AA-60DF-422E-B8F6-7ADEF2226AAF}
		{48B61FE2-9C3B-4A65-8DFA-7B670B4CCF7F} = {153A84AA-60DF-422E-B8F6-7ADEF2226AAF}
		{4095F2DF-980D-4882-9DEC-27A92001F7D6} = {A601487D-FF39-41C4-82F6-470C25584769}
		{86E7ACB4-1E1F-4DF8-81FD-4BF8A8C5CC74} = {4095F2DF-980D-4882-9DEC-27A92001F7D6}
		{6A1528CE-341D-4EA1-B82C-B4296D3EEAF8} = {4095F2DF-980D-4882-9DEC-27A92001F7D6}
		{B4977F87-9716-4D8E-9333-9149B3755226} = {4095F2DF-980D-4882-9DEC-27A92001F7D6}
	EndGlobalSection
	GlobalSection(ExtensibilityGlobals) = postSolution
		SolutionGuid = {FA358315-03DE-4500-8360-B6E010D34624}
	EndGlobalSection
EndGlobal
